# This file was autogenerated by Stack.
# You should not edit this file by hand.
# For more information, please see the documentation at:
#   https://docs.haskellstack.org/en/stable/topics/lock_files

packages: []
snapshots:
- completed:
    sha256: 5ee73e6ac141d58433e8ff7443465d6268bcc840f3b4352f1c6f035cce723aec
    size: 753931
    url: https://raw.githubusercontent.com/commercialhaskell/stackage-snapshots/master/nightly/2026/7/1.yaml
  original: nightly-2026-07-01
